
Microsoft Visual Studio Solution File, Format Version 12.00
# Visual Studio Version 17
VisualStudioVersion = 17.14.36408.4 d17.14
MinimumVisualStudioVersion = 10.0.40219.1
Project("{FAE04EC0-301F-11D3-BF4B-00C04F79EFBC}") = "LG APP", "LG APP\LG APP.csproj", "{BE28F24B-37D7-4FB8-BA3A-FCFF9B6FA848}"
EndProject
Project("{FAE04EC0-301F-11D3-BF4B-00C04F79EFBC}") = "LG APPWeb", "LG APPWeb\LG APPWeb.csproj", "{DD60FA7C-CE63-437F-A89E-61F838B2D529}"
EndProject
Global
	GlobalSection(SolutionConfigurationPlatforms) = preSolution
		Debug|Any CPU = Debug|Any CPU
		Release|Any CPU = Release|Any CPU
	EndGlobalSection
	GlobalSection(ProjectConfigurationPlatforms) = postSolution
		{BE28F24B-37D7-4FB8-BA3A-FCFF9B6FA848}.Debug|Any CPU.ActiveCfg = Debug|Any CPU
		{BE28F24B-37D7-4FB8-BA3A-FCFF9B6FA848}.Debug|Any CPU.Build.0 = Debug|Any CPU
		{BE28F24B-37D7-4FB8-BA3A-FCFF9B6FA848}.Debug|Any CPU.Deploy.0 = Debug|Any CPU
		{BE28F24B-37D7-4FB8-BA3A-FCFF9B6FA848}.Release|Any CPU.ActiveCfg = Release|Any CPU
		{BE28F24B-37D7-4FB8-BA3A-FCFF9B6FA848}.Release|Any CPU.Build.0 = Release|Any CPU
		{BE28F24B-37D7-4FB8-BA3A-FCFF9B6FA848}.Release|Any CPU.Deploy.0 = Release|Any CPU
		{DD60FA7C-CE63-437F-A89E-61F838B2D529}.Debug|Any CPU.ActiveCfg = Debug|Any CPU
		{DD60FA7C-CE63-437F-A89E-61F838B2D529}.Debug|Any CPU.Build.0 = Debug|Any CPU
		{DD60FA7C-CE63-437F-A89E-61F838B2D529}.Release|Any CPU.ActiveCfg = Release|Any CPU
		{DD60FA7C-CE63-437F-A89E-61F838B2D529}.Release|Any CPU.Build.0 = Release|Any CPU
	EndGlobalSection
	GlobalSection(SolutionProperties) = preSolution
		HideSolutionNode = FALSE
	EndGlobalSection
	GlobalSection(ExtensibilityGlobals) = postSolution
		SolutionGuid = {5A225854-D8BF-413D-87D6-0155DCDF44C4}
	EndGlobalSection
EndGlobal
